
Microsoft Visual Studio Solution File, Format Version 12.00
# Visual Studio Version 17
VisualStudioVersion = 17.9.34701.34
MinimumVisualStudioVersion = 10.0.40219.1
Project("{FAE04EC0-301F-11D3-BF4B-00C04F79EFBC}") = "PhongKhamOnline", "PhongKhamOnline\PhongKhamOnline.csproj", "{5A0F0ED9-8D4A-4D83-BA25-FE5997C73B64}"
EndProject
Global
	GlobalSection(SolutionConfigurationPlatforms) = preSolution
		Debug|Any CPU = Debug|Any CPU
		Release|Any CPU = Release|Any CPU
	EndGlobalSection
	GlobalSection(ProjectConfigurationPlatforms) = postSolution
		{5A0F0ED9-8D4A-4D83-BA25-FE5997C73B64}.Debug|Any CPU.ActiveCfg = Debug|Any CPU
		{5A0F0ED9-8D4A-4D83-BA25-FE5997C73B64}.Debug|Any CPU.Build.0 = Debug|Any CPU
		{5A0F0ED9-8D4A-4D83-BA25-FE5997C73B64}.Release|Any CPU.ActiveCfg = Release|Any CPU
		{5A0F0ED9-8D4A-4D83-BA25-FE5997C73B64}.Release|Any CPU.Build.0 = Release|Any CPU
	EndGlobalSection
	GlobalSection(SolutionProperties) = preSolution
		HideSolutionNode = FALSE
	EndGlobalSection
	GlobalSection(ExtensibilityGlobals) = postSolution
		SolutionGuid = {CDBB95F5-1825-4D3F-B300-3208935DE231}
	EndGlobalSection
EndGlobal
